
Microsoft Visual Studio Solution File, Format Version 12.00
# Visual Studio Version 16
VisualStudioVersion = 16.0.30621.155
MinimumVisualStudioVersion = 10.0.40219.1
Project("{FAE04EC0-301F-11D3-BF4B-00C04F79EFBC}") = "NullBank.Domain", "NullBank.Domain\NullBank.Domain.csproj", "{C19932B0-254D-48E0-8AA2-9A1EEC05857C}"
EndProject
Project("{FAE04EC0-301F-11D3-BF4B-00C04F79EFBC}") = "NullBank.Domain.Test", "NullBank.Domain.Test\NullBank.Domain.Test.csproj", "{629F5EE7-F7CC-4DDC-ABA2-3B3077F9057F}"
EndProject
Global
	GlobalSection(SolutionConfigurationPlatforms) = preSolution
		Debug|Any CPU = Debug|Any CPU
		Release|Any CPU = Release|Any CPU
	EndGlobalSection
	GlobalSection(ProjectConfigurationPlatforms) = postSolution
		{C19932B0-254D-48E0-8AA2-9A1EEC05857C}.Debug|Any CPU.ActiveCfg = Debug|Any CPU
		{C19932B0-254D-48E0-8AA2-9A1EEC05857C}.Debug|Any CPU.Build.0 = Debug|Any CPU
		{C19932B0-254D-48E0-8AA2-9A1EEC05857C}.Release|Any CPU.ActiveCfg = Release|Any CPU
		{C19932B0-254D-48E0-8AA2-9A1EEC05857C}.Release|Any CPU.Build.0 = Release|Any CPU
		{629F5EE7-F7CC-4DDC-ABA2-3B3077F9057F}.Debug|Any CPU.ActiveCfg = Debug|Any CPU
		{629F5EE7-F7CC-4DDC-ABA2-3B3077F9057F}.Debug|Any CPU.Build.0 = Debug|Any CPU
		{629F5EE7-F7CC-4DDC-ABA2-3B3077F9057F}.Release|Any CPU.ActiveCfg = Release|Any CPU
		{629F5EE7-F7CC-4DDC-ABA2-3B3077F9057F}.Release|Any CPU.Build.0 = Release|Any CPU
	EndGlobalSection
	GlobalSection(SolutionProperties) = preSolution
		HideSolutionNode = FALSE
	EndGlobalSection
	GlobalSection(ExtensibilityGlobals) = postSolution
		SolutionGuid = {66218C95-5A12-4F91-8534-FD8B774AF688}
	EndGlobalSection
EndGlobal
